{
  "nodes": {
    "nixpkgs": {
      "locked": {
        "lastModified": 1740479292,
        "narHash": "sha256-+aT548CJdX1zatSHRzgzKFwExb8gP7TBaUQXd41LDik=",
        "owner": "nixos",
        "repo": "nixpkgs",
        "rev": "2a50ee342936e7a41604ffc5893de36e66adea83",
        "type": "github"
      },
      "original": {
        "owner": "nixos",
        "repo": "nixpkgs",
        "type": "github"
      }
    },
    "root": {
      "inputs": {
        "nixpkgs": "nixpkgs"
      }
    }
  },
  "root": "root",
  "version": 7
}
