{
  "nodes": {
    "nixpkgs": {
      "locked": {
        "lastModified": 1738073003,
        "narHash": "sha256-RCFqW56h7JpRowESJAwPCD1tV4ArF7l0ffDA4qV7/Lo=",
        "owner": "nixos",
        "repo": "nixpkgs",
        "rev": "f469b91f014df0c8514229d39f1f6b8f7090c677",
        "type": "github"
      },
      "original": {
        "owner": "nixos",
        "repo": "nixpkgs",
        "type": "github"
      }
    },
    "root": {
      "inputs": {
        "nixpkgs": "nixpkgs"
      }
    }
  },
  "root": "root",
  "version": 7
}
