{
  "nodes": {
    "nixpkgs": {
      "locked": {
        "lastModified": 1732618334,
        "narHash": "sha256-Vdc4jOgaW6XMowzQctZVWzdQKDVbvCmmA5UcxBm7Bc0=",
        "owner": "nixos",
        "repo": "nixpkgs",
        "rev": "0040c97904deb1f79ad12e233d12bc6fa22f7640",
        "type": "github"
      },
      "original": {
        "owner": "nixos",
        "repo": "nixpkgs",
        "type": "github"
      }
    },
    "root": {
      "inputs": {
        "nixpkgs": "nixpkgs"
      }
    }
  },
  "root": "root",
  "version": 7
}
